
Microsoft Visual Studio Solution File, Format Version 12.00
# Visual Studio 15
VisualStudioVersion = 15.0.28307.489
MinimumVisualStudioVersion = 10.0.40219.1
Project("{FAE04EC0-301F-11D3-BF4B-00C04F79EFBC}") = "WebApplication2", "WebApplication2\WebApplication2.csproj", "{62DE2A8D-78B2-4C7D-B1F0-6D8B718F2EBD}"
EndProject
Global
	GlobalSection(SolutionConfigurationPlatforms) = preSolution
		Debug|Any CPU = Debug|Any CPU
		Release|Any CPU = Release|Any CPU
	EndGlobalSection
	GlobalSection(ProjectConfigurationPlatforms) = postSolution
		{62DE2A8D-78B2-4C7D-B1F0-6D8B718F2EBD}.Debug|Any CPU.ActiveCfg = Debug|Any CPU
		{62DE2A8D-78B2-4C7D-B1F0-6D8B718F2EBD}.Debug|Any CPU.Build.0 = Debug|Any CPU
		{62DE2A8D-78B2-4C7D-B1F0-6D8B718F2EBD}.Release|Any CPU.ActiveCfg = Release|Any CPU
		{62DE2A8D-78B2-4C7D-B1F0-6D8B718F2EBD}.Release|Any CPU.Build.0 = Release|Any CPU
	EndGlobalSection
	GlobalSection(SolutionProperties) = preSolution
		HideSolutionNode = FALSE
	EndGlobalSection
	GlobalSection(ExtensibilityGlobals) = postSolution
		SolutionGuid = {FDF61A28-4C13-4D30-A431-51F1D69A5017}
	EndGlobalSection
EndGlobal
